
Microsoft Visual Studio Solution File, Format Version 12.00
# Visual Studio Version 16
VisualStudioVersion = 16.0.29209.152
MinimumVisualStudioVersion = 10.0.40219.1
Project("{FAE04EC0-301F-11D3-BF4B-00C04F79EFBC}") = "BlazorDemo-Server", "BlazorDemo-Server\BlazorDemo-Server.csproj", "{91E1E22D-430F-4307-9C60-24B5915C566B}"
EndProject
Global
	GlobalSection(SolutionConfigurationPlatforms) = preSolution
		Debug|Any CPU = Debug|Any CPU
		Release|Any CPU = Release|Any CPU
	EndGlobalSection
	GlobalSection(ProjectConfigurationPlatforms) = postSolution
		{91E1E22D-430F-4307-9C60-24B5915C566B}.Debug|Any CPU.ActiveCfg = Debug|Any CPU
		{91E1E22D-430F-4307-9C60-24B5915C566B}.Debug|Any CPU.Build.0 = Debug|Any CPU
		{91E1E22D-430F-4307-9C60-24B5915C566B}.Release|Any CPU.ActiveCfg = Release|Any CPU
		{91E1E22D-430F-4307-9C60-24B5915C566B}.Release|Any CPU.Build.0 = Release|Any CPU
	EndGlobalSection
	GlobalSection(SolutionProperties) = preSolution
		HideSolutionNode = FALSE
	EndGlobalSection
	GlobalSection(ExtensibilityGlobals) = postSolution
		SolutionGuid = {D42769C6-126D-48FD-BE6E-F724BC11294E}
	EndGlobalSection
EndGlobal
